
Microsoft Visual Studio Solution File, Format Version 12.00
Project("{FAE04EC0-301F-11D3-BF4B-00C04F79EFBC}") = "ArithmeticSequenceTask", "ArithmeticSequenceTask\ArithmeticSequenceTask.csproj", "{41A4F54E-85B1-420B-9E66-4F9D6872B5CD}"
EndProject
Project("{FAE04EC0-301F-11D3-BF4B-00C04F79EFBC}") = "ArithmeticSequenceTask.Tests", "ArithmeticSequenceTask.Tests\ArithmeticSequenceTask.Tests.csproj", "{6ADDEE74-FCA9-49B2-B78B-5979D2E8425A}"
EndProject
Global
	GlobalSection(SolutionConfigurationPlatforms) = preSolution
		Debug|Any CPU = Debug|Any CPU
		Release|Any CPU = Release|Any CPU
	EndGlobalSection
	GlobalSection(ProjectConfigurationPlatforms) = postSolution
		{41A4F54E-85B1-420B-9E66-4F9D6872B5CD}.Debug|Any CPU.ActiveCfg = Debug|Any CPU
		{41A4F54E-85B1-420B-9E66-4F9D6872B5CD}.Debug|Any CPU.Build.0 = Debug|Any CPU
		{41A4F54E-85B1-420B-9E66-4F9D6872B5CD}.Release|Any CPU.ActiveCfg = Release|Any CPU
		{41A4F54E-85B1-420B-9E66-4F9D6872B5CD}.Release|Any CPU.Build.0 = Release|Any CPU
		{6ADDEE74-FCA9-49B2-B78B-5979D2E8425A}.Debug|Any CPU.ActiveCfg = Debug|Any CPU
		{6ADDEE74-FCA9-49B2-B78B-5979D2E8425A}.Debug|Any CPU.Build.0 = Debug|Any CPU
		{6ADDEE74-FCA9-49B2-B78B-5979D2E8425A}.Release|Any CPU.ActiveCfg = Release|Any CPU
		{6ADDEE74-FCA9-49B2-B78B-5979D2E8425A}.Release|Any CPU.Build.0 = Release|Any CPU
	EndGlobalSection
EndGlobal
